
Microsoft Visual Studio Solution File, Format Version 12.00
# Visual Studio Version 16
VisualStudioVersion = 16.0.28803.156
MinimumVisualStudioVersion = 10.0.40219.1
Project("{FAE04EC0-301F-11D3-BF4B-00C04F79EFBC}") = "Bot", "Bot\Bot.csproj", "{898F6181-9BC6-4695-B3E2-202F9330E0D2}"
EndProject
Global
	GlobalSection(SolutionConfigurationPlatforms) = preSolution
		Debug|Any CPU = Debug|Any CPU
		Release|Any CPU = Release|Any CPU
	EndGlobalSection
	GlobalSection(ProjectConfigurationPlatforms) = postSolution
		{898F6181-9BC6-4695-B3E2-202F9330E0D2}.Debug|Any CPU.ActiveCfg = Debug|Any CPU
		{898F6181-9BC6-4695-B3E2-202F9330E0D2}.Debug|Any CPU.Build.0 = Debug|Any CPU
		{898F6181-9BC6-4695-B3E2-202F9330E0D2}.Release|Any CPU.ActiveCfg = Release|Any CPU
		{898F6181-9BC6-4695-B3E2-202F9330E0D2}.Release|Any CPU.Build.0 = Release|Any CPU
	EndGlobalSection
	GlobalSection(SolutionProperties) = preSolution
		HideSolutionNode = FALSE
	EndGlobalSection
	GlobalSection(ExtensibilityGlobals) = postSolution
		SolutionGuid = {948E02E6-35FA-4DAB-9508-58B7B723124F}
	EndGlobalSection
EndGlobal
